
Microsoft Visual Studio Solution File, Format Version 12.00
# Visual Studio Version 17
VisualStudioVersion = 17.7.34024.191
MinimumVisualStudioVersion = 10.0.40219.1
Project("{FAE04EC0-301F-11D3-BF4B-00C04F79EFBC}") = "WpfApp2CR", "WpfApp2CR.csproj", "{2F4F9290-9255-49C9-B36A-8C8646AB86D8}"
EndProject
Global
	GlobalSection(SolutionConfigurationPlatforms) = preSolution
		Debug|Any CPU = Debug|Any CPU
		Release|Any CPU = Release|Any CPU
	EndGlobalSection
	GlobalSection(ProjectConfigurationPlatforms) = postSolution
		{2F4F9290-9255-49C9-B36A-8C8646AB86D8}.Debug|Any CPU.ActiveCfg = Debug|Any CPU
		{2F4F9290-9255-49C9-B36A-8C8646AB86D8}.Debug|Any CPU.Build.0 = Debug|Any CPU
		{2F4F9290-9255-49C9-B36A-8C8646AB86D8}.Release|Any CPU.ActiveCfg = Release|Any CPU
		{2F4F9290-9255-49C9-B36A-8C8646AB86D8}.Release|Any CPU.Build.0 = Release|Any CPU
	EndGlobalSection
	GlobalSection(SolutionProperties) = preSolution
		HideSolutionNode = FALSE
	EndGlobalSection
	GlobalSection(ExtensibilityGlobals) = postSolution
		SolutionGuid = {7168F821-21FE-4D80-A777-F753B5386C06}
	EndGlobalSection
EndGlobal
